// !$*UTF8*$!
{
	archiveVersion = 1;
	classes = {
	};
	objectVersion = 46;
	objects = {

/* Begin PBXBuildFile section */
		BD0187D3190EB06900ADC8A9 /* Foundation.framework in Frameworks */ = {isa = PBXBuildFile; fileRef = BD0187D2190EB06900ADC8A9 /* Foundation.framework */; };
		BD0187D5190EB06900ADC8A9 /* CoreGraphics.framework in Frameworks */ = {isa = PBXBuildFile; fileRef = BD0187D4190EB06900ADC8A9 /* CoreGraphics.framework */; };
		BD0187D7190EB06900ADC8A9 /* UIKit.framework in Frameworks */ = {isa = PBXBuildFile; fileRef = BD0187D6190EB06900ADC8A9 /* UIKit.framework */; };
		BD0187DD190EB06900ADC8A9 /* InfoPlist.strings in Resources */ = {isa = PBXBuildFile; fileRef = BD0187DB190EB06900ADC8A9 /* InfoPlist.strings */; };
		BD0187DF190EB06900ADC8A9 /* main.m in Sources */ = {isa = PBXBuildFile; fileRef = BD0187DE190EB06900ADC8A9 /* main.m */; };
		BD0187E3190EB06900ADC8A9 /* AppDelegate.m in Sources */ = {isa = PBXBuildFile; fileRef = BD0187E2190EB06900ADC8A9 /* AppDelegate.m */; };
		BD0187E6190EB06900ADC8A9 /* Main.storyboard in Resources */ = {isa = PBXBuildFile; fileRef = BD0187E4190EB06900ADC8A9 /* Main.storyboard */; };
		BD0187E9190EB06900ADC8A9 /* ViewController.m in Sources */ = {isa = PBXBuildFile; fileRef = BD0187E8190EB06900ADC8A9 /* ViewController.m */; };
		BD0187EB190EB06900ADC8A9 /* Images.xcassets in Resources */ = {isa = PBXBuildFile; fileRef = BD0187EA190EB06900ADC8A9 /* Images.xcassets */; };
		BD0187F2190EB06900ADC8A9 /* XCTest.framework in Frameworks */ = {isa = PBXBuildFile; fileRef = BD0187F1190EB06900ADC8A9 /* XCTest.framework */; };
		BD0187F3190EB06900ADC8A9 /* Foundation.framework in Frameworks */ = {isa = PBXBuildFile; fileRef = BD0187D2190EB06900ADC8A9 /* Foundation.framework */; };
		BD0187F4190EB06900ADC8A9 /* UIKit.framework in Frameworks */ = {isa = PBXBuildFile; fileRef = BD0187D6190EB06900ADC8A9 /* UIKit.framework */; };
		BD0187FC190EB06900ADC8A9 /* InfoPlist.strings in Resources */ = {isa = PBXBuildFile; fileRef = BD0187FA190EB06900ADC8A9 /* InfoPlist.strings */; };
		BD0187FE190EB06900ADC8A9 /* CustomViewTests.m in Sources */ = {isa = PBXBuildFile; fileRef = BD0187FD190EB06900ADC8A9 /* CustomViewTests.m */; };
		BD018809190EB07600ADC8A9 /* PSCustomViewFromXib.m in Sources */ = {isa = PBXBuildFile; fileRef = BD018808190EB07600ADC8A9 /* PSCustomViewFromXib.m */; };
		BD01880B190EB07F00ADC8A9 /* SubClassView.xib in Resources */ = {isa = PBXBuildFile; fileRef = BD01880A190EB07F00ADC8A9 /* SubClassView.xib */; };
		BD01880E190EB0B100ADC8A9 /* SubClassView.m in Sources */ = {isa = PBXBuildFile; fileRef = BD01880D190EB0B100ADC8A9 /* SubClassView.m */; };
		BD018811190EBE3B00ADC8A9 /* LabelMadness.m in Sources */ = {isa = PBXBuildFile; fileRef = BD018810190EBE3B00ADC8A9 /* LabelMadness.m */; };
		BD018813190EBE7900ADC8A9 /* LabelMadness.xib in Resources */ = {isa = PBXBuildFile; fileRef = BD018812190EBE7900ADC8A9 /* LabelMadness.xib */; };
		BD018815190EC39D00ADC8A9 /* BombDodge Logo.png in Resources */ = {isa = PBXBuildFile; fileRef = BD018814190EC39D00ADC8A9 /* BombDodge Logo.png */; };
/* End PBXBuildFile section */

/* Begin PBXContainerItemProxy section */
		BD0187F5190EB06900ADC8A9 /* PBXContainerItemProxy */ = {
			isa = PBXContainerItemProxy;
			containerPortal = BD0187C7190EB06900ADC8A9 /* Project object */;
			proxyType = 1;
			remoteGlobalIDString = BD0187CE190EB06900ADC8A9;
			remoteInfo = CustomView;
		};
/* End PBXContainerItemProxy section */

/* Begin PBXFileReference section */
		BD0187CF190EB06900ADC8A9 /* CustomView.app */ = {isa = PBXFileReference; explicitFileType = wrapper.application; includeInIndex = 0; path = CustomView.app; sourceTree = BUILT_PRODUCTS_DIR; };
		BD0187D2190EB06900ADC8A9 /* Foundation.framework */ = {isa = PBXFileReference; lastKnownFileType = wrapper.framework; name = Foundation.framework; path = System/Library/Frameworks/Foundation.framework; sourceTree = SDKROOT; };
		BD0187D4190EB06900ADC8A9 /* CoreGraphics.framework */ = {isa = PBXFileReference; lastKnownFileType = wrapper.framework; name = CoreGraphics.framework; path = System/Library/Frameworks/CoreGraphics.framework; sourceTree = SDKROOT; };
		BD0187D6190EB06900ADC8A9 /* UIKit.framework */ = {isa = PBXFileReference; lastKnownFileType = wrapper.framework; name = UIKit.framework; path = System/Library/Frameworks/UIKit.framework; sourceTree = SDKROOT; };
		BD0187DA190EB06900ADC8A9 /* CustomView-Info.plist */ = {isa = PBXFileReference; lastKnownFileType = text.plist.xml; path = "CustomView-Info.plist"; sourceTree = "<group>"; };
		BD0187DC190EB06900ADC8A9 /* en */ = {isa = PBXFileReference; lastKnownFileType = text.plist.strings; name = en; path = en.lproj/InfoPlist.strings; sourceTree = "<group>"; };
		BD0187DE190EB06900ADC8A9 /* main.m */ = {isa = PBXFileReference; lastKnownFileType = sourcecode.c.objc; path = main.m; sourceTree = "<group>"; };
		BD0187E0190EB06900ADC8A9 /* CustomView-Prefix.pch */ = {isa = PBXFileReference; lastKnownFileType = sourcecode.c.h; path = "CustomView-Prefix.pch"; sourceTree = "<group>"; };
		BD0187E1190EB06900ADC8A9 /* AppDelegate.h */ = {isa = PBXFileReference; lastKnownFileType = sourcecode.c.h; path = AppDelegate.h; sourceTree = "<group>"; };
		BD0187E2190EB06900ADC8A9 /* AppDelegate.m */ = {isa = PBXFileReference; lastKnownFileType = sourcecode.c.objc; path = AppDelegate.m; sourceTree = "<group>"; };
		BD0187E5190EB06900ADC8A9 /* Base */ = {isa = PBXFileReference; lastKnownFileType = file.storyboard; name = Base; path = Base.lproj/Main.storyboard; sourceTree = "<group>"; };
		BD0187E7190EB06900ADC8A9 /* ViewController.h */ = {isa = PBXFileReference; lastKnownFileType = sourcecode.c.h; path = ViewController.h; sourceTree = "<group>"; };
		BD0187E8190EB06900ADC8A9 /* ViewController.m */ = {isa = PBXFileReference; lastKnownFileType = sourcecode.c.objc; path = ViewController.m; sourceTree = "<group>"; };
		BD0187EA190EB06900ADC8A9 /* Images.xcassets */ = {isa = PBXFileReference; lastKnownFileType = folder.assetcatalog; path = Images.xcassets; sourceTree = "<group>"; };
		BD0187F0190EB06900ADC8A9 /* CustomViewTests.xctest */ = {isa = PBXFileReference; explicitFileType = wrapper.cfbundle; includeInIndex = 0; path = CustomViewTests.xctest; sourceTree = BUILT_PRODUCTS_DIR; };
		BD0187F1190EB06900ADC8A9 /* XCTest.framework */ = {isa = PBXFileReference; lastKnownFileType = wrapper.framework; name = XCTest.framework; path = Library/Frameworks/XCTest.framework; sourceTree = DEVELOPER_DIR; };
		BD0187F9190EB06900ADC8A9 /* CustomViewTests-Info.plist */ = {isa = PBXFileReference; lastKnownFileType = text.plist.xml; path = "CustomViewTests-Info.plist"; sourceTree = "<group>"; };
		BD0187FB190EB06900ADC8A9 /* en */ = {isa = PBXFileReference; lastKnownFileType = text.plist.strings; name = en; path = en.lproj/InfoPlist.strings; sourceTree = "<group>"; };
		BD0187FD190EB06900ADC8A9 /* CustomViewTests.m */ = {isa = PBXFileReference; lastKnownFileType = sourcecode.c.objc; path = CustomViewTests.m; sourceTree = "<group>"; };
		BD018807190EB07600ADC8A9 /* PSCustomViewFromXib.h */ = {isa = PBXFileReference; fileEncoding = 4; lastKnownFileType = sourcecode.c.h; path = PSCustomViewFromXib.h; sourceTree = "<group>"; };
		BD018808190EB07600ADC8A9 /* PSCustomViewFromXib.m */ = {isa = PBXFileReference; fileEncoding = 4; lastKnownFileType = sourcecode.c.objc; path = PSCustomViewFromXib.m; sourceTree = "<group>"; };
		BD01880A190EB07F00ADC8A9 /* SubClassView.xib */ = {isa = PBXFileReference; fileEncoding = 4; lastKnownFileType = file.xib; path = SubClassView.xib; sourceTree = "<group>"; };
		BD01880C190EB0B100ADC8A9 /* SubClassView.h */ = {isa = PBXFileReference; fileEncoding = 4; lastKnownFileType = sourcecode.c.h; path = SubClassView.h; sourceTree = "<group>"; };
		BD01880D190EB0B100ADC8A9 /* SubClassView.m */ = {isa = PBXFileReference; fileEncoding = 4; lastKnownFileType = sourcecode.c.objc; path = SubClassView.m; sourceTree = "<group>"; };
		BD01880F190EBE3B00ADC8A9 /* LabelMadness.h */ = {isa = PBXFileReference; fileEncoding = 4; lastKnownFileType = sourcecode.c.h; path = LabelMadness.h; sourceTree = "<group>"; };
		BD018810190EBE3B00ADC8A9 /* LabelMadness.m */ = {isa = PBXFileReference; fileEncoding = 4; lastKnownFileType = sourcecode.c.objc; path = LabelMadness.m; sourceTree = "<group>"; };
		BD018812190EBE7900ADC8A9 /* LabelMadness.xib */ = {isa = PBXFileReference; fileEncoding = 4; lastKnownFileType = file.xib; path = LabelMadness.xib; sourceTree = "<group>"; };
		BD018814190EC39D00ADC8A9 /* BombDodge Logo.png */ = {isa = PBXFileReference; lastKnownFileType = image.png; path = "BombDodge Logo.png"; sourceTree = "<group>"; };
/* End PBXFileReference section */

/* Begin PBXFrameworksBuildPhase section */
		BD0187CC190EB06900ADC8A9 /* Frameworks */ = {
			isa = PBXFrameworksBuildPhase;
			buildActionMask = 2147483647;
			files = (
				BD0187D5190EB06900ADC8A9 /* CoreGraphics.framework in Frameworks */,
				BD0187D7190EB06900ADC8A9 /* UIKit.framework in Frameworks */,
				BD0187D3190EB06900ADC8A9 /* Foundation.framework in Frameworks */,
			);
			runOnlyForDeploymentPostprocessing = 0;
		};
		BD0187ED190EB06900ADC8A9 /* Frameworks */ = {
			isa = PBXFrameworksBuildPhase;
			buildActionMask = 2147483647;
			files = (
				BD0187F2190EB06900ADC8A9 /* XCTest.framework in Frameworks */,
				BD0187F4190EB06900ADC8A9 /* UIKit.framework in Frameworks */,
				BD0187F3190EB06900ADC8A9 /* Foundation.framework in Frameworks */,
			);
			runOnlyForDeploymentPostprocessing = 0;
		};
/* End PBXFrameworksBuildPhase section */

/* Begin PBXGroup section */
		BD0187C6190EB06900ADC8A9 = {
			isa = PBXGroup;
			children = (
				BD0187D8190EB06900ADC8A9 /* CustomView */,
				BD0187F7190EB06900ADC8A9 /* CustomViewTests */,
				BD0187D1190EB06900ADC8A9 /* Frameworks */,
				BD0187D0190EB06900ADC8A9 /* Products */,
			);
			sourceTree = "<group>";
		};
		BD0187D0190EB06900ADC8A9 /* Products */ = {
			isa = PBXGroup;
			children = (
				BD0187CF190EB06900ADC8A9 /* CustomView.app */,
				BD0187F0190EB06900ADC8A9 /* CustomViewTests.xctest */,
			);
			name = Products;
			sourceTree = "<group>";
		};
		BD0187D1190EB06900ADC8A9 /* Frameworks */ = {
			isa = PBXGroup;
			children = (
				BD0187D2190EB06900ADC8A9 /* Foundation.framework */,
				BD0187D4190EB06900ADC8A9 /* CoreGraphics.framework */,
				BD0187D6190EB06900ADC8A9 /* UIKit.framework */,
				BD0187F1190EB06900ADC8A9 /* XCTest.framework */,
			);
			name = Frameworks;
			sourceTree = "<group>";
		};
		BD0187D8190EB06900ADC8A9 /* CustomView */ = {
			isa = PBXGroup;
			children = (
				BD2C8672190ECCBC00C4BBCD /* Reuse this Code File for Xib Loading */,
				BD0187E1190EB06900ADC8A9 /* AppDelegate.h */,
				BD0187E2190EB06900ADC8A9 /* AppDelegate.m */,
				BD0187E4190EB06900ADC8A9 /* Main.storyboard */,
				BD0187E7190EB06900ADC8A9 /* ViewController.h */,
				BD0187E8190EB06900ADC8A9 /* ViewController.m */,
				BD01880F190EBE3B00ADC8A9 /* LabelMadness.h */,
				BD018810190EBE3B00ADC8A9 /* LabelMadness.m */,
				BD018812190EBE7900ADC8A9 /* LabelMadness.xib */,
				BD01880C190EB0B100ADC8A9 /* SubClassView.h */,
				BD01880D190EB0B100ADC8A9 /* SubClassView.m */,
				BD01880A190EB07F00ADC8A9 /* SubClassView.xib */,
				BD018814190EC39D00ADC8A9 /* BombDodge Logo.png */,
				BD0187EA190EB06900ADC8A9 /* Images.xcassets */,
				BD0187D9190EB06900ADC8A9 /* Supporting Files */,
			);
			path = CustomView;
			sourceTree = "<group>";
		};
		BD0187D9190EB06900ADC8A9 /* Supporting Files */ = {
			isa = PBXGroup;
			children = (
				BD0187DA190EB06900ADC8A9 /* CustomView-Info.plist */,
				BD0187DB190EB06900ADC8A9 /* InfoPlist.strings */,
				BD0187DE190EB06900ADC8A9 /* main.m */,
				BD0187E0190EB06900ADC8A9 /* CustomView-Prefix.pch */,
			);
			name = "Supporting Files";
			sourceTree = "<group>";
		};
		BD0187F7190EB06900ADC8A9 /* CustomViewTests */ = {
			isa = PBXGroup;
			children = (
				BD0187FD190EB06900ADC8A9 /* CustomViewTests.m */,
				BD0187F8190EB06900ADC8A9 /* Supporting Files */,
			);
			path = CustomViewTests;
			sourceTree = "<group>";
		};
		BD0187F8190EB06900ADC8A9 /* Supporting Files */ = {
			isa = PBXGroup;
			children = (
				BD0187F9190EB06900ADC8A9 /* CustomViewTests-Info.plist */,
				BD0187FA190EB06900ADC8A9 /* InfoPlist.strings */,
			);
			name = "Supporting Files";
			sourceTree = "<group>";
		};
		BD2C8672190ECCBC00C4BBCD /* Reuse this Code File for Xib Loading */ = {
			isa = PBXGroup;
			children = (
				BD018807190EB07600ADC8A9 /* PSCustomViewFromXib.h */,
				BD018808190EB07600ADC8A9 /* PSCustomViewFromXib.m */,
			);
			name = "Reuse this Code File for Xib Loading";
			sourceTree = "<group>";
		};
/* End PBXGroup section */

/* Begin PBXNativeTarget section */
		BD0187CE190EB06900ADC8A9 /* CustomView */ = {
			isa = PBXNativeTarget;
			buildConfigurationList = BD018801190EB06900ADC8A9 /* Build configuration list for PBXNativeTarget "CustomView" */;
			buildPhases = (
				BD0187CB190EB06900ADC8A9 /* Sources */,
				BD0187CC190EB06900ADC8A9 /* Frameworks */,
				BD0187CD190EB06900ADC8A9 /* Resources */,
			);
			buildRules = (
			);
			dependencies = (
			);
			name = CustomView;
			productName = CustomView;
			productReference = BD0187CF190EB06900ADC8A9 /* CustomView.app */;
			productType = "com.apple.product-type.application";
		};
		BD0187EF190EB06900ADC8A9 /* CustomViewTests */ = {
			isa = PBXNativeTarget;
			buildConfigurationList = BD018804190EB06900ADC8A9 /* Build configuration list for PBXNativeTarget "CustomViewTests" */;
			buildPhases = (
				BD0187EC190EB06900ADC8A9 /* Sources */,
				BD0187ED190EB06900ADC8A9 /* Frameworks */,
				BD0187EE190EB06900ADC8A9 /* Resources */,
			);
			buildRules = (
			);
			dependencies = (
				BD0187F6190EB06900ADC8A9 /* PBXTargetDependency */,
			);
			name = CustomViewTests;
			productName = CustomViewTests;
			productReference = BD0187F0190EB06900ADC8A9 /* CustomViewTests.xctest */;
			productType = "com.apple.product-type.bundle.unit-test";
		};
/* End PBXNativeTarget section */

/* Begin PBXProject section */
		BD0187C7190EB06900ADC8A9 /* Project object */ = {
			isa = PBXProject;
			attributes = {
				LastUpgradeCheck = 0510;
				ORGANIZATIONNAME = "Paul Solt";
				TargetAttributes = {
					BD0187EF190EB06900ADC8A9 = {
						TestTargetID = BD0187CE190EB06900ADC8A9;
					};
				};
			};
			buildConfigurationList = BD0187CA190EB06900ADC8A9 /* Build configuration list for PBXProject "CustomView" */;
			compatibilityVersion = "Xcode 3.2";
			developmentRegion = English;
			hasScannedForEncodings = 0;
			knownRegions = (
				en,
				Base,
			);
			mainGroup = BD0187C6190EB06900ADC8A9;
			productRefGroup = BD0187D0190EB06900ADC8A9 /* Products */;
			projectDirPath = "";
			projectRoot = "";
			targets = (
				BD0187CE190EB06900ADC8A9 /* CustomView */,
				BD0187EF190EB06900ADC8A9 /* CustomViewTests */,
			);
		};
/* End PBXProject section */

/* Begin PBXResourcesBuildPhase section */
		BD0187CD190EB06900ADC8A9 /* Resources */ = {
			isa = PBXResourcesBuildPhase;
			buildActionMask = 2147483647;
			files = (
				BD01880B190EB07F00ADC8A9 /* SubClassView.xib in Resources */,
				BD018813190EBE7900ADC8A9 /* LabelMadness.xib in Resources */,
				BD0187EB190EB06900ADC8A9 /* Images.xcassets in Resources */,
				BD018815190EC39D00ADC8A9 /* BombDodge Logo.png in Resources */,
				BD0187DD190EB06900ADC8A9 /* InfoPlist.strings in Resources */,
				BD0187E6190EB06900ADC8A9 /* Main.storyboard in Resources */,
			);
			runOnlyForDeploymentPostprocessing = 0;
		};
		BD0187EE190EB06900ADC8A9 /* Resources */ = {
			isa = PBXResourcesBuildPhase;
			buildActionMask = 2147483647;
			files = (
				BD0187FC190EB06900ADC8A9 /* InfoPlist.strings in Resources */,
			);
			runOnlyForDeploymentPostprocessing = 0;
		};
/* End PBXResourcesBuildPhase section */

/* Begin PBXSourcesBuildPhase section */
		BD0187CB190EB06900ADC8A9 /* Sources */ = {
			isa = PBXSourcesBuildPhase;
			buildActionMask = 2147483647;
			files = (
				BD018811190EBE3B00ADC8A9 /* LabelMadness.m in Sources */,
				BD01880E190EB0B100ADC8A9 /* SubClassView.m in Sources */,
				BD0187E9190EB06900ADC8A9 /* ViewController.m in Sources */,
				BD018809190EB07600ADC8A9 /* PSCustomViewFromXib.m in Sources */,
				BD0187E3190EB06900ADC8A9 /* AppDelegate.m in Sources */,
				BD0187DF190EB06900ADC8A9 /* main.m in Sources */,
			);
			runOnlyForDeploymentPostprocessing = 0;
		};
		BD0187EC190EB06900ADC8A9 /* Sources */ = {
			isa = PBXSourcesBuildPhase;
			buildActionMask = 2147483647;
			files = (
				BD0187FE190EB06900ADC8A9 /* CustomViewTests.m in Sources */,
			);
			runOnlyForDeploymentPostprocessing = 0;
		};
/* End PBXSourcesBuildPhase section */

/* Begin PBXTargetDependency section */
		BD0187F6190EB06900ADC8A9 /* PBXTargetDependency */ = {
			isa = PBXTargetDependency;
			target = BD0187CE190EB06900ADC8A9 /* CustomView */;
			targetProxy = BD0187F5190EB06900ADC8A9 /* PBXContainerItemProxy */;
		};
/* End PBXTargetDependency section */

/* Begin PBXVariantGroup section */
		BD0187DB190EB06900ADC8A9 /* InfoPlist.strings */ = {
			isa = PBXVariantGroup;
			children = (
				BD0187DC190EB06900ADC8A9 /* en */,
			);
			name = InfoPlist.strings;
			sourceTree = "<group>";
		};
		BD0187E4190EB06900ADC8A9 /* Main.storyboard */ = {
			isa = PBXVariantGroup;
			children = (
				BD0187E5190EB06900ADC8A9 /* Base */,
			);
			name = Main.storyboard;
			sourceTree = "<group>";
		};
		BD0187FA190EB06900ADC8A9 /* InfoPlist.strings */ = {
			isa = PBXVariantGroup;
			children = (
				BD0187FB190EB06900ADC8A9 /* en */,
			);
			name = InfoPlist.strings;
			sourceTree = "<group>";
		};
/* End PBXVariantGroup section */

/* Begin XCBuildConfiguration section */
		BD0187FF190EB06900ADC8A9 /* Debug */ = {
			isa = XCBuildConfiguration;
			buildSettings = {
				ALWAYS_SEARCH_USER_PATHS = NO;
				CLANG_CXX_LANGUAGE_STANDARD = "gnu++0x";
				CLANG_CXX_LIBRARY = "libc++";
				CLANG_ENABLE_MODULES = YES;
				CLANG_ENABLE_OBJC_ARC = YES;
				CLANG_WARN_BOOL_CONVERSION = YES;
				CLANG_WARN_CONSTANT_CONVERSION = YES;
				CLANG_WARN_DIRECT_OBJC_ISA_USAGE = YES_ERROR;
				CLANG_WARN_EMPTY_BODY = YES;
				CLANG_WARN_ENUM_CONVERSION = YES;
				CLANG_WARN_INT_CONVERSION = YES;
				CLANG_WARN_OBJC_ROOT_CLASS = YES_ERROR;
				CLANG_WARN__DUPLICATE_METHOD_MATCH = YES;
				"CODE_SIGN_IDENTITY[sdk=iphoneos*]" = "iPhone Developer";
				COPY_PHASE_STRIP = NO;
				GCC_C_LANGUAGE_STANDARD = gnu99;
				GCC_DYNAMIC_NO_PIC = NO;
				GCC_OPTIMIZATION_LEVEL = 0;
				GCC_PREPROCESSOR_DEFINITIONS = (
					"DEBUG=1",
					"$(inherited)",
				);
				GCC_SYMBOLS_PRIVATE_EXTERN = NO;
				GCC_WARN_64_TO_32_BIT_CONVERSION = YES;
				GCC_WARN_ABOUT_RETURN_TYPE = YES_ERROR;
				GCC_WARN_UNDECLARED_SELECTOR = YES;
				GCC_WARN_UNINITIALIZED_AUTOS = YES_AGGRESSIVE;
				GCC_WARN_UNUSED_FUNCTION = YES;
				GCC_WARN_UNUSED_VARIABLE = YES;
				IPHONEOS_DEPLOYMENT_TARGET = 7.1;
				ONLY_ACTIVE_ARCH = YES;
				SDKROOT = iphoneos;
			};
			name = Debug;
		};
		BD018800190EB06900ADC8A9 /* Release */ = {
			isa = XCBuildConfiguration;
			buildSettings = {
				ALWAYS_SEARCH_USER_PATHS = NO;
				CLANG_CXX_LANGUAGE_STANDARD = "gnu++0x";
				CLANG_CXX_LIBRARY = "libc++";
				CLANG_ENABLE_MODULES = YES;
				CLANG_ENABLE_OBJC_ARC = YES;
				CLANG_WARN_BOOL_CONVERSION = YES;
				CLANG_WARN_CONSTANT_CONVERSION = YES;
				CLANG_WARN_DIRECT_OBJC_ISA_USAGE = YES_ERROR;
				CLANG_WARN_EMPTY_BODY = YES;
				CLANG_WARN_ENUM_CONVERSION = YES;
				CLANG_WARN_INT_CONVERSION = YES;
				CLANG_WARN_OBJC_ROOT_CLASS = YES_ERROR;
				CLANG_WARN__DUPLICATE_METHOD_MATCH = YES;
				"CODE_SIGN_IDENTITY[sdk=iphoneos*]" = "iPhone Developer";
				COPY_PHASE_STRIP = YES;
				ENABLE_NS_ASSERTIONS = NO;
				GCC_C_LANGUAGE_STANDARD = gnu99;
				GCC_WARN_64_TO_32_BIT_CONVERSION = YES;
				GCC_WARN_ABOUT_RETURN_TYPE = YES_ERROR;
				GCC_WARN_UNDECLARED_SELECTOR = YES;
				GCC_WARN_UNINITIALIZED_AUTOS = YES_AGGRESSIVE;
				GCC_WARN_UNUSED_FUNCTION = YES;
				GCC_WARN_UNUSED_VARIABLE = YES;
				IPHONEOS_DEPLOYMENT_TARGET = 7.1;
				SDKROOT = iphoneos;
				VALIDATE_PRODUCT = YES;
			};
			name = Release;
		};
		BD018802190EB06900ADC8A9 /* Debug */ = {
			isa = XCBuildConfiguration;
			buildSettings = {
				ASSETCATALOG_COMPILER_APPICON_NAME = AppIcon;
				ASSETCATALOG_COMPILER_LAUNCHIMAGE_NAME = LaunchImage;
				GCC_PRECOMPILE_PREFIX_HEADER = YES;
				GCC_PREFIX_HEADER = "CustomView/CustomView-Prefix.pch";
				INFOPLIST_FILE = "CustomView/CustomView-Info.plist";
				PRODUCT_NAME = "$(TARGET_NAME)";
				WRAPPER_EXTENSION = app;
			};
			name = Debug;
		};
		BD018803190EB06900ADC8A9 /* Release */ = {
			isa = XCBuildConfiguration;
			buildSettings = {
				ASSETCATALOG_COMPILER_APPICON_NAME = AppIcon;
				ASSETCATALOG_COMPILER_LAUNCHIMAGE_NAME = LaunchImage;
				GCC_PRECOMPILE_PREFIX_HEADER = YES;
				GCC_PREFIX_HEADER = "CustomView/CustomView-Prefix.pch";
				INFOPLIST_FILE = "CustomView/CustomView-Info.plist";
				PRODUCT_NAME = "$(TARGET_NAME)";
				WRAPPER_EXTENSION = app;
			};
			name = Release;
		};
		BD018805190EB06900ADC8A9 /* Debug */ = {
			isa = XCBuildConfiguration;
			buildSettings = {
				BUNDLE_LOADER = "$(BUILT_PRODUCTS_DIR)/CustomView.app/CustomView";
				FRAMEWORK_SEARCH_PATHS = (
					"$(SDKROOT)/Developer/Library/Frameworks",
					"$(inherited)",
					"$(DEVELOPER_FRAMEWORKS_DIR)",
				);
				GCC_PRECOMPILE_PREFIX_HEADER = YES;
				GCC_PREFIX_HEADER = "CustomView/CustomView-Prefix.pch";
				GCC_PREPROCESSOR_DEFINITIONS = (
					"DEBUG=1",
					"$(inherited)",
				);
				INFOPLIST_FILE = "CustomViewTests/CustomViewTests-Info.plist";
				PRODUCT_NAME = "$(TARGET_NAME)";
				TEST_HOST = "$(BUNDLE_LOADER)";
				WRAPPER_EXTENSION = xctest;
			};
			name = Debug;
		};
		BD018806190EB06900ADC8A9 /* Release */ = {
			isa = XCBuildConfiguration;
			buildSettings = {
				BUNDLE_LOADER = "$(BUILT_PRODUCTS_DIR)/CustomView.app/CustomView";
				FRAMEWORK_SEARCH_PATHS = (
					"$(SDKROOT)/Developer/Library/Frameworks",
					"$(inherited)",
					"$(DEVELOPER_FRAMEWORKS_DIR)",
				);
				GCC_PRECOMPILE_PREFIX_HEADER = YES;
				GCC_PREFIX_HEADER = "CustomView/CustomView-Prefix.pch";
				INFOPLIST_FILE = "CustomViewTests/CustomViewTests-Info.plist";
				PRODUCT_NAME = "$(TARGET_NAME)";
				TEST_HOST = "$(BUNDLE_LOADER)";
				WRAPPER_EXTENSION = xctest;
			};
			name = Release;
		};
/* End XCBuildConfiguration section */

/* Begin XCConfigurationList section */
		BD0187CA190EB06900ADC8A9 /* Build configuration list for PBXProject "CustomView" */ = {
			isa = XCConfigurationList;
			buildConfigurations = (
				BD0187FF190EB06900ADC8A9 /* Debug */,
				BD018800190EB06900ADC8A9 /* Release */,
			);
			defaultConfigurationIsVisible = 0;
			defaultConfigurationName = Release;
		};
		BD018801190EB06900ADC8A9 /* Build configuration list for PBXNativeTarget "CustomView" */ = {
			isa = XCConfigurationList;
			buildConfigurations = (
				BD018802190EB06900ADC8A9 /* Debug */,
				BD018803190EB06900ADC8A9 /* Release */,
			);
			defaultConfigurationIsVisible = 0;
			defaultConfigurationName = Release;
		};
		BD018804190EB06900ADC8A9 /* Build configuration list for PBXNativeTarget "CustomViewTests" */ = {
			isa = XCConfigurationList;
			buildConfigurations = (
				BD018805190EB06900ADC8A9 /* Debug */,
				BD018806190EB06900ADC8A9 /* Release */,
			);
			defaultConfigurationIsVisible = 0;
			defaultConfigurationName = Release;
		};
/* End XCConfigurationList section */
	};
	rootObject = BD0187C7190EB06900ADC8A9 /* Project object */;
}
